
Microsoft Visual Studio Solution File, Format Version 12.00
# Visual Studio Version 16
VisualStudioVersion = 16.0.31624.102
MinimumVisualStudioVersion = 10.0.40219.1
Project("{FAE04EC0-301F-11D3-BF4B-00C04F79EFBC}") = "StockApp", "StockApp\StockApp.csproj", "{4D6E1587-7F46-4367-BE3A-C2A8C45F54DB}"
EndProject
Project("{FAE04EC0-301F-11D3-BF4B-00C04F79EFBC}") = "StockAppTesting", "StockAppTesting\StockAppTesting.csproj", "{1079C91D-0DF7-4343-B232-BF99099BA68C}"
EndProject
Global
	GlobalSection(SolutionConfigurationPlatforms) = preSolution
		Debug|Any CPU = Debug|Any CPU
		Release|Any CPU = Release|Any CPU
	EndGlobalSection
	GlobalSection(ProjectConfigurationPlatforms) = postSolution
		{4D6E1587-7F46-4367-BE3A-C2A8C45F54DB}.Debug|Any CPU.ActiveCfg = Debug|Any CPU
		{4D6E1587-7F46-4367-BE3A-C2A8C45F54DB}.Debug|Any CPU.Build.0 = Debug|Any CPU
		{4D6E1587-7F46-4367-BE3A-C2A8C45F54DB}.Release|Any CPU.ActiveCfg = Release|Any CPU
		{4D6E1587-7F46-4367-BE3A-C2A8C45F54DB}.Release|Any CPU.Build.0 = Release|Any CPU
		{1079C91D-0DF7-4343-B232-BF99099BA68C}.Debug|Any CPU.ActiveCfg = Debug|Any CPU
		{1079C91D-0DF7-4343-B232-BF99099BA68C}.Debug|Any CPU.Build.0 = Debug|Any CPU
		{1079C91D-0DF7-4343-B232-BF99099BA68C}.Release|Any CPU.ActiveCfg = Release|Any CPU
		{1079C91D-0DF7-4343-B232-BF99099BA68C}.Release|Any CPU.Build.0 = Release|Any CPU
	EndGlobalSection
	GlobalSection(SolutionProperties) = preSolution
		HideSolutionNode = FALSE
	EndGlobalSection
	GlobalSection(ExtensibilityGlobals) = postSolution
		SolutionGuid = {49D8694B-09B9-4D55-9B2C-862DF747EBBC}
	EndGlobalSection
EndGlobal
